// !$*UTF8*$!
{
	archiveVersion = 1;
	classes = {
	};
	objectVersion = 56;
	objects = {

/* Begin PBXBuildFile section */
		289B0D042A6CFEE900CAD6EB /* AppDelegate.swift in Sources */ = {isa = PBXBuildFile; fileRef = 289B0D032A6CFEE900CAD6EB /* AppDelegate.swift */; };
		289B0D062A6CFEE900CAD6EB /* SceneDelegate.swift in Sources */ = {isa = PBXBuildFile; fileRef = 289B0D052A6CFEE900CAD6EB /* SceneDelegate.swift */; };
		289B0D082A6CFEE900CAD6EB /* ViewController.swift in Sources */ = {isa = PBXBuildFile; fileRef = 289B0D072A6CFEE900CAD6EB /* ViewController.swift */; };
		289B0D0B2A6CFEE900CAD6EB /* Main.storyboard in Resources */ = {isa = PBXBuildFile; fileRef = 289B0D092A6CFEE900CAD6EB /* Main.storyboard */; };
		289B0D0D2A6CFEEB00CAD6EB /* Assets.xcassets in Resources */ = {isa = PBXBuildFile; fileRef = 289B0D0C2A6CFEEB00CAD6EB /* Assets.xcassets */; };
		289B0D102A6CFEEB00CAD6EB /* LaunchScreen.storyboard in Resources */ = {isa = PBXBuildFile; fileRef = 289B0D0E2A6CFEEB00CAD6EB /* LaunchScreen.storyboard */; };
		289B0D1B2A6CFFAA00CAD6EB /* Movie.swift in Sources */ = {isa = PBXBuildFile; fileRef = 289B0D172A6CFFAA00CAD6EB /* Movie.swift */; };
		289B0D1C2A6CFFAA00CAD6EB /* MovieTableViewCell.swift in Sources */ = {isa = PBXBuildFile; fileRef = 289B0D182A6CFFAA00CAD6EB /* MovieTableViewCell.swift */; };
		289B0D222A6D07C800CAD6EB /* MovieViewController.swift in Sources */ = {isa = PBXBuildFile; fileRef = 289B0D212A6D07C800CAD6EB /* MovieViewController.swift */; };
/* End PBXBuildFile section */

/* Begin PBXFileReference section */
		289B0D002A6CFEE900CAD6EB /* Assignment_Three_View.app */ = {isa = PBXFileReference; explicitFileType = wrapper.application; includeInIndex = 0; path = Assignment_Three_View.app; sourceTree = BUILT_PRODUCTS_DIR; };
		289B0D032A6CFEE900CAD6EB /* AppDelegate.swift */ = {isa = PBXFileReference; lastKnownFileType = sourcecode.swift; path = AppDelegate.swift; sourceTree = "<group>"; };
		289B0D052A6CFEE900CAD6EB /* SceneDelegate.swift */ = {isa = PBXFileReference; lastKnownFileType = sourcecode.swift; path = SceneDelegate.swift; sourceTree = "<group>"; };
		289B0D072A6CFEE900CAD6EB /* ViewController.swift */ = {isa = PBXFileReference; lastKnownFileType = sourcecode.swift; path = ViewController.swift; sourceTree = "<group>"; };
		289B0D0A2A6CFEE900CAD6EB /* Base */ = {isa = PBXFileReference; lastKnownFileType = file.storyboard; name = Base; path = Base.lproj/Main.storyboard; sourceTree = "<group>"; };
		289B0D0C2A6CFEEB00CAD6EB /* Assets.xcassets */ = {isa = PBXFileReference; lastKnownFileType = folder.assetcatalog; path = Assets.xcassets; sourceTree = "<group>"; };
		289B0D0F2A6CFEEB00CAD6EB /* Base */ = {isa = PBXFileReference; lastKnownFileType = file.storyboard; name = Base; path = Base.lproj/LaunchScreen.storyboard; sourceTree = "<group>"; };
		289B0D112A6CFEEB00CAD6EB /* Info.plist */ = {isa = PBXFileReference; lastKnownFileType = text.plist.xml; path = Info.plist; sourceTree = "<group>"; };
		289B0D172A6CFFAA00CAD6EB /* Movie.swift */ = {isa = PBXFileReference; fileEncoding = 4; lastKnownFileType = sourcecode.swift; path = Movie.swift; sourceTree = "<group>"; };
		289B0D182A6CFFAA00CAD6EB /* MovieTableViewCell.swift */ = {isa = PBXFileReference; fileEncoding = 4; lastKnownFileType = sourcecode.swift; path = MovieTableViewCell.swift; sourceTree = "<group>"; };
		289B0D212A6D07C800CAD6EB /* MovieViewController.swift */ = {isa = PBXFileReference; lastKnownFileType = sourcecode.swift; path = MovieViewController.swift; sourceTree = "<group>"; };
/* End PBXFileReference section */

/* Begin PBXFrameworksBuildPhase section */
		289B0CFD2A6CFEE900CAD6EB /* Frameworks */ = {
			isa = PBXFrameworksBuildPhase;
			buildActionMask = 2147483647;
			files = (
			);
			runOnlyForDeploymentPostprocessing = 0;
		};
/* End PBXFrameworksBuildPhase section */

/* Begin PBXGroup section */
		289B0CF72A6CFEE900CAD6EB = {
			isa = PBXGroup;
			children = (
				289B0D022A6CFEE900CAD6EB /* Assignment_Three_View */,
				289B0D012A6CFEE900CAD6EB /* Products */,
			);
			sourceTree = "<group>";
		};
		289B0D012A6CFEE900CAD6EB /* Products */ = {
			isa = PBXGroup;
			children = (
				289B0D002A6CFEE900CAD6EB /* Assignment_Three_View.app */,
			);
			name = Products;
			sourceTree = "<group>";
		};
		289B0D022A6CFEE900CAD6EB /* Assignment_Three_View */ = {
			isa = PBXGroup;
			children = (
				289B0D172A6CFFAA00CAD6EB /* Movie.swift */,
				289B0D182A6CFFAA00CAD6EB /* MovieTableViewCell.swift */,
				289B0D032A6CFEE900CAD6EB /* AppDelegate.swift */,
				289B0D052A6CFEE900CAD6EB /* SceneDelegate.swift */,
				289B0D072A6CFEE900CAD6EB /* ViewController.swift */,
				289B0D092A6CFEE900CAD6EB /* Main.storyboard */,
				289B0D0C2A6CFEEB00CAD6EB /* Assets.xcassets */,
				289B0D0E2A6CFEEB00CAD6EB /* LaunchScreen.storyboard */,
				289B0D112A6CFEEB00CAD6EB /* Info.plist */,
				289B0D212A6D07C800CAD6EB /* MovieViewController.swift */,
			);
			path = Assignment_Three_View;
			sourceTree = "<group>";
		};
/* End PBXGroup section */

/* Begin PBXNativeTarget section */
		289B0CFF2A6CFEE900CAD6EB /* Assignment_Three_View */ = {
			isa = PBXNativeTarget;
			buildConfigurationList = 289B0D142A6CFEEB00CAD6EB /* Build configuration list for PBXNativeTarget "Assignment_Three_View" */;
			buildPhases = (
				289B0CFC2A6CFEE900CAD6EB /* Sources */,
				289B0CFD2A6CFEE900CAD6EB /* Frameworks */,
				289B0CFE2A6CFEE900CAD6EB /* Resources */,
			);
			buildRules = (
			);
			dependencies = (
			);
			name = Assignment_Three_View;
			productName = Assignment_Three_View;
			productReference = 289B0D002A6CFEE900CAD6EB /* Assignment_Three_View.app */;
			productType = "com.apple.product-type.application";
		};
/* End PBXNativeTarget section */

/* Begin PBXProject section */
		289B0CF82A6CFEE900CAD6EB /* Project object */ = {
			isa = PBXProject;
			attributes = {
				BuildIndependentTargetsInParallel = 1;
				LastSwiftUpdateCheck = 1430;
				LastUpgradeCheck = 1430;
				TargetAttributes = {
					289B0CFF2A6CFEE900CAD6EB = {
						CreatedOnToolsVersion = 14.3.1;
					};
				};
			};
			buildConfigurationList = 289B0CFB2A6CFEE900CAD6EB /* Build configuration list for PBXProject "Assignment_Three_View" */;
			compatibilityVersion = "Xcode 14.0";
			developmentRegion = en;
			hasScannedForEncodings = 0;
			knownRegions = (
				en,
				Base,
			);
			mainGroup = 289B0CF72A6CFEE900CAD6EB;
			productRefGroup = 289B0D012A6CFEE900CAD6EB /* Products */;
			projectDirPath = "";
			projectRoot = "";
			targets = (
				289B0CFF2A6CFEE900CAD6EB /* Assignment_Three_View */,
			);
		};
/* End PBXProject section */

/* Begin PBXResourcesBuildPhase section */
		289B0CFE2A6CFEE900CAD6EB /* Resources */ = {
			isa = PBXResourcesBuildPhase;
			buildActionMask = 2147483647;
			files = (
				289B0D102A6CFEEB00CAD6EB /* LaunchScreen.storyboard in Resources */,
				289B0D0D2A6CFEEB00CAD6EB /* Assets.xcassets in Resources */,
				289B0D0B2A6CFEE900CAD6EB /* Main.storyboard in Resources */,
			);
			runOnlyForDeploymentPostprocessing = 0;
		};
/* End PBXResourcesBuildPhase section */

/* Begin PBXSourcesBuildPhase section */
		289B0CFC2A6CFEE900CAD6EB /* Sources */ = {
			isa = PBXSourcesBuildPhase;
			buildActionMask = 2147483647;
			files = (
				289B0D1C2A6CFFAA00CAD6EB /* MovieTableViewCell.swift in Sources */,
				289B0D082A6CFEE900CAD6EB /* ViewController.swift in Sources */,
				289B0D042A6CFEE900CAD6EB /* AppDelegate.swift in Sources */,
				289B0D1B2A6CFFAA00CAD6EB /* Movie.swift in Sources */,
				289B0D062A6CFEE900CAD6EB /* SceneDelegate.swift in Sources */,
				289B0D222A6D07C800CAD6EB /* MovieViewController.swift in Sources */,
			);
			runOnlyForDeploymentPostprocessing = 0;
		};
/* End PBXSourcesBuildPhase section */

/* Begin PBXVariantGroup section */
		289B0D092A6CFEE900CAD6EB /* Main.storyboard */ = {
			isa = PBXVariantGroup;
			children = (
				289B0D0A2A6CFEE900CAD6EB /* Base */,
			);
			name = Main.storyboard;
			sourceTree = "<group>";
		};
		289B0D0E2A6CFEEB00CAD6EB /* LaunchScreen.storyboard */ = {
			isa = PBXVariantGroup;
			children = (
				289B0D0F2A6CFEEB00CAD6EB /* Base */,
			);
			name = LaunchScreen.storyboard;
			sourceTree = "<group>";
		};
/* End PBXVariantGroup section */

/* Begin XCBuildConfiguration section */
		289B0D122A6CFEEB00CAD6EB /* Debug */ = {
			isa = XCBuildConfiguration;
			buildSettings = {
				ALWAYS_SEARCH_USER_PATHS = NO;
				CLANG_ANALYZER_NONNULL = YES;
				CLANG_ANALYZER_NUMBER_OBJECT_CONVERSION = YES_AGGRESSIVE;
				CLANG_CXX_LANGUAGE_STANDARD = "gnu++20";
				CLANG_ENABLE_MODULES = YES;
				CLANG_ENABLE_OBJC_ARC = YES;
				CLANG_ENABLE_OBJC_WEAK = YES;
				CLANG_WARN_BLOCK_CAPTURE_AUTORELEASING = YES;
				CLANG_WARN_BOOL_CONVERSION = YES;
				CLANG_WARN_COMMA = YES;
				CLANG_WARN_CONSTANT_CONVERSION = YES;
				CLANG_WARN_DEPRECATED_OBJC_IMPLEMENTATIONS = YES;
				CLANG_WARN_DIRECT_OBJC_ISA_USAGE = YES_ERROR;
				CLANG_WARN_DOCUMENTATION_COMMENTS = YES;
				CLANG_WARN_EMPTY_BODY = YES;
				CLANG_WARN_ENUM_CONVERSION = YES;
				CLANG_WARN_INFINITE_RECURSION = YES;
				CLANG_WARN_INT_CONVERSION = YES;
				CLANG_WARN_NON_LITERAL_NULL_CONVERSION = YES;
				CLANG_WARN_OBJC_IMPLICIT_RETAIN_SELF = YES;
				CLANG_WARN_OBJC_LITERAL_CONVERSION = YES;
				CLANG_WARN_OBJC_ROOT_CLASS = YES_ERROR;
				CLANG_WARN_QUOTED_INCLUDE_IN_FRAMEWORK_HEADER = YES;
				CLANG_WARN_RANGE_LOOP_ANALYSIS = YES;
				CLANG_WARN_STRICT_PROTOTYPES = YES;
				CLANG_WARN_SUSPICIOUS_MOVE = YES;
				CLANG_WARN_UNGUARDED_AVAILABILITY = YES_AGGRESSIVE;
				CLANG_WARN_UNREACHABLE_CODE = YES;
				CLANG_WARN__DUPLICATE_METHOD_MATCH = YES;
				COPY_PHASE_STRIP = NO;
				DEBUG_INFORMATION_FORMAT = dwarf;
				ENABLE_STRICT_OBJC_MSGSEND = YES;
				ENABLE_TESTABILITY = YES;
				GCC_C_LANGUAGE_STANDARD = gnu11;
				GCC_DYNAMIC_NO_PIC = NO;
				GCC_NO_COMMON_BLOCKS = YES;
				GCC_OPTIMIZATION_LEVEL = 0;
				GCC_PREPROCESSOR_DEFINITIONS = (
					"DEBUG=1",
					"$(inherited)",
				);
				GCC_WARN_64_TO_32_BIT_CONVERSION = YES;
				GCC_WARN_ABOUT_RETURN_TYPE = YES_ERROR;
				GCC_WARN_UNDECLARED_SELECTOR = YES;
				GCC_WARN_UNINITIALIZED_AUTOS = YES_AGGRESSIVE;
				GCC_WARN_UNUSED_FUNCTION = YES;
				GCC_WARN_UNUSED_VARIABLE = YES;
				IPHONEOS_DEPLOYMENT_TARGET = 16.4;
				MTL_ENABLE_DEBUG_INFO = INCLUDE_SOURCE;
				MTL_FAST_MATH = YES;
				ONLY_ACTIVE_ARCH = YES;
				SDKROOT = iphoneos;
				SWIFT_ACTIVE_COMPILATION_CONDITIONS = DEBUG;
				SWIFT_OPTIMIZATION_LEVEL = "-Onone";
			};
			name = Debug;
		};
		289B0D132A6CFEEB00CAD6EB /* Release */ = {
			isa = XCBuildConfiguration;
			buildSettings = {
				ALWAYS_SEARCH_USER_PATHS = NO;
				CLANG_ANALYZER_NONNULL = YES;
				CLANG_ANALYZER_NUMBER_OBJECT_CONVERSION = YES_AGGRESSIVE;
				CLANG_CXX_LANGUAGE_STANDARD = "gnu++20";
				CLANG_ENABLE_MODULES = YES;
				CLANG_ENABLE_OBJC_ARC = YES;
				CLANG_ENABLE_OBJC_WEAK = YES;
				CLANG_WARN_BLOCK_CAPTURE_AUTORELEASING = YES;
				CLANG_WARN_BOOL_CONVERSION = YES;
				CLANG_WARN_COMMA = YES;
				CLANG_WARN_CONSTANT_CONVERSION = YES;
				CLANG_WARN_DEPRECATED_OBJC_IMPLEMENTATIONS = YES;
				CLANG_WARN_DIRECT_OBJC_ISA_USAGE = YES_ERROR;
				CLANG_WARN_DOCUMENTATION_COMMENTS = YES;
				CLANG_WARN_EMPTY_BODY = YES;
				CLANG_WARN_ENUM_CONVERSION = YES;
				CLANG_WARN_INFINITE_RECURSION = YES;
				CLANG_WARN_INT_CONVERSION = YES;
				CLANG_WARN_NON_LITERAL_NULL_CONVERSION = YES;
				CLANG_WARN_OBJC_IMPLICIT_RETAIN_SELF = YES;
				CLANG_WARN_OBJC_LITERAL_CONVERSION = YES;
				CLANG_WARN_OBJC_ROOT_CLASS = YES_ERROR;
				CLANG_WARN_QUOTED_INCLUDE_IN_FRAMEWORK_HEADER = YES;
				CLANG_WARN_RANGE_LOOP_ANALYSIS = YES;
				CLANG_WARN_STRICT_PROTOTYPES = YES;
				CLANG_WARN_SUSPICIOUS_MOVE = YES;
				CLANG_WARN_UNGUARDED_AVAILABILITY = YES_AGGRESSIVE;
				CLANG_WARN_UNREACHABLE_CODE = YES;
				CLANG_WARN__DUPLICATE_METHOD_MATCH = YES;
				COPY_PHASE_STRIP = NO;
				DEBUG_INFORMATION_FORMAT = "dwarf-with-dsym";
				ENABLE_NS_ASSERTIONS = NO;
				ENABLE_STRICT_OBJC_MSGSEND = YES;
				GCC_C_LANGUAGE_STANDARD = gnu11;
				GCC_NO_COMMON_BLOCKS = YES;
				GCC_WARN_64_TO_32_BIT_CONVERSION = YES;
				GCC_WARN_ABOUT_RETURN_TYPE = YES_ERROR;
				GCC_WARN_UNDECLARED_SELECTOR = YES;
				GCC_WARN_UNINITIALIZED_AUTOS = YES_AGGRESSIVE;
				GCC_WARN_UNUSED_FUNCTION = YES;
				GCC_WARN_UNUSED_VARIABLE = YES;
				IPHONEOS_DEPLOYMENT_TARGET = 16.4;
				MTL_ENABLE_DEBUG_INFO = NO;
				MTL_FAST_MATH = YES;
				SDKROOT = iphoneos;
				SWIFT_COMPILATION_MODE = wholemodule;
				SWIFT_OPTIMIZATION_LEVEL = "-O";
				VALIDATE_PRODUCT = YES;
			};
			name = Release;
		};
		289B0D152A6CFEEB00CAD6EB /* Debug */ = {
			isa = XCBuildConfiguration;
			buildSettings = {
				ASSETCATALOG_COMPILER_APPICON_NAME = AppIcon;
				ASSETCATALOG_COMPILER_GLOBAL_ACCENT_COLOR_NAME = AccentColor;
				CODE_SIGN_STYLE = Automatic;
				CURRENT_PROJECT_VERSION = 1;
				DEVELOPMENT_TEAM = H8F53378J2;
				GENERATE_INFOPLIST_FILE = YES;
				INFOPLIST_FILE = Assignment_Three_View/Info.plist;
				INFOPLIST_KEY_UIApplicationSupportsIndirectInputEvents = YES;
				INFOPLIST_KEY_UILaunchStoryboardName = LaunchScreen;
				INFOPLIST_KEY_UIMainStoryboardFile = Main;
				INFOPLIST_KEY_UISupportedInterfaceOrientations_iPad = "UIInterfaceOrientationPortrait UIInterfaceOrientationPortraitUpsideDown UIInterfaceOrientationLandscapeLeft UIInterfaceOrientationLandscapeRight";
				INFOPLIST_KEY_UISupportedInterfaceOrientations_iPhone = "UIInterfaceOrientationPortrait UIInterfaceOrientationLandscapeLeft UIInterfaceOrientationLandscapeRight";
				LD_RUNPATH_SEARCH_PATHS = (
					"$(inherited)",
					"@executable_path/Frameworks",
				);
				MARKETING_VERSION = 1.0;
				PRODUCT_BUNDLE_IDENTIFIER = "ca.georgian.darylaranha.Assignment-Three-View";
				PRODUCT_NAME = "$(TARGET_NAME)";
				SUPPORTED_PLATFORMS = "iphoneos iphonesimulator";
				SUPPORTS_MACCATALYST = NO;
				SUPPORTS_MAC_DESIGNED_FOR_IPHONE_IPAD = NO;
				SWIFT_EMIT_LOC_STRINGS = YES;
				SWIFT_VERSION = 5.0;
				TARGETED_DEVICE_FAMILY = 1;
			};
			name = Debug;
		};
		289B0D162A6CFEEB00CAD6EB /* Release */ = {
			isa = XCBuildConfiguration;
			buildSettings = {
				ASSETCATALOG_COMPILER_APPICON_NAME = AppIcon;
				ASSETCATALOG_COMPILER_GLOBAL_ACCENT_COLOR_NAME = AccentColor;
				CODE_SIGN_STYLE = Automatic;
				CURRENT_PROJECT_VERSION = 1;
				DEVELOPMENT_TEAM = H8F53378J2;
				GENERATE_INFOPLIST_FILE = YES;
				INFOPLIST_FILE = Assignment_Three_View/Info.plist;
				INFOPLIST_KEY_UIApplicationSupportsIndirectInputEvents = YES;
				INFOPLIST_KEY_UILaunchStoryboardName = LaunchScreen;
				INFOPLIST_KEY_UIMainStoryboardFile = Main;
				INFOPLIST_KEY_UISupportedInterfaceOrientations_iPad = "UIInterfaceOrientationPortrait UIInterfaceOrientationPortraitUpsideDown UIInterfaceOrientationLandscapeLeft UIInterfaceOrientationLandscapeRight";
				INFOPLIST_KEY_UISupportedInterfaceOrientations_iPhone = "UIInterfaceOrientationPortrait UIInterfaceOrientationLandscapeLeft UIInterfaceOrientationLandscapeRight";
				LD_RUNPATH_SEARCH_PATHS = (
					"$(inherited)",
					"@executable_path/Frameworks",
				);
				MARKETING_VERSION = 1.0;
				PRODUCT_BUNDLE_IDENTIFIER = "ca.georgian.darylaranha.Assignment-Three-View";
				PRODUCT_NAME = "$(TARGET_NAME)";
				SUPPORTED_PLATFORMS = "iphoneos iphonesimulator";
				SUPPORTS_MACCATALYST = NO;
				SUPPORTS_MAC_DESIGNED_FOR_IPHONE_IPAD = NO;
				SWIFT_EMIT_LOC_STRINGS = YES;
				SWIFT_VERSION = 5.0;
				TARGETED_DEVICE_FAMILY = 1;
			};
			name = Release;
		};
/* End XCBuildConfiguration section */

/* Begin XCConfigurationList section */
		289B0CFB2A6CFEE900CAD6EB /* Build configuration list for PBXProject "Assignment_Three_View" */ = {
			isa = XCConfigurationList;
			buildConfigurations = (
				289B0D122A6CFEEB00CAD6EB /* Debug */,
				289B0D132A6CFEEB00CAD6EB /* Release */,
			);
			defaultConfigurationIsVisible = 0;
			defaultConfigurationName = Release;
		};
		289B0D142A6CFEEB00CAD6EB /* Build configuration list for PBXNativeTarget "Assignment_Three_View" */ = {
			isa = XCConfigurationList;
			buildConfigurations = (
				289B0D152A6CFEEB00CAD6EB /* Debug */,
				289B0D162A6CFEEB00CAD6EB /* Release */,
			);
			defaultConfigurationIsVisible = 0;
			defaultConfigurationName = Release;
		};
/* End XCConfigurationList section */
	};
	rootObject = 289B0CF82A6CFEE900CAD6EB /* Project object */;
}
